
Microsoft Visual Studio Solution File, Format Version 12.00
# Visual Studio Version 17
VisualStudioVersion = 17.0.32002.185
MinimumVisualStudioVersion = 10.0.40219.1
Project("{FAE04EC0-301F-11D3-BF4B-00C04F79EFBC}") = "6_QuotientAndRemainder", "6_QuotientAndRemainder\6_QuotientAndRemainder.csproj", "{39D10E75-FF54-4BC7-AC58-323EF25C5342}"
EndProject
Global
	GlobalSection(SolutionConfigurationPlatforms) = preSolution
		Debug|Any CPU = Debug|Any CPU
		Release|Any CPU = Release|Any CPU
	EndGlobalSection
	GlobalSection(ProjectConfigurationPlatforms) = postSolution
		{39D10E75-FF54-4BC7-AC58-323EF25C5342}.Debug|Any CPU.ActiveCfg = Debug|Any CPU
		{39D10E75-FF54-4BC7-AC58-323EF25C5342}.Debug|Any CPU.Build.0 = Debug|Any CPU
		{39D10E75-FF54-4BC7-AC58-323EF25C5342}.Release|Any CPU.ActiveCfg = Release|Any CPU
		{39D10E75-FF54-4BC7-AC58-323EF25C5342}.Release|Any CPU.Build.0 = Release|Any CPU
	EndGlobalSection
	GlobalSection(SolutionProperties) = preSolution
		HideSolutionNode = FALSE
	EndGlobalSection
	GlobalSection(ExtensibilityGlobals) = postSolution
		SolutionGuid = {17D83F7A-3A28-406F-BF87-97DCEB700B38}
	EndGlobalSection
EndGlobal
