
Microsoft Visual Studio Solution File, Format Version 12.00
# Visual Studio Version 17
VisualStudioVersion = 17.0.32002.185
MinimumVisualStudioVersion = 10.0.40219.1
Project("{FAE04EC0-301F-11D3-BF4B-00C04F79EFBC}") = "4_HarmonicNumber", "4_HarmonicNumber\4_HarmonicNumber.csproj", "{D3C5438A-55BE-4BB6-8CDA-C3CD23729A13}"
EndProject
Global
	GlobalSection(SolutionConfigurationPlatforms) = preSolution
		Debug|Any CPU = Debug|Any CPU
		Release|Any CPU = Release|Any CPU
	EndGlobalSection
	GlobalSection(ProjectConfigurationPlatforms) = postSolution
		{D3C5438A-55BE-4BB6-8CDA-C3CD23729A13}.Debug|Any CPU.ActiveCfg = Debug|Any CPU
		{D3C5438A-55BE-4BB6-8CDA-C3CD23729A13}.Debug|Any CPU.Build.0 = Debug|Any CPU
		{D3C5438A-55BE-4BB6-8CDA-C3CD23729A13}.Release|Any CPU.ActiveCfg = Release|Any CPU
		{D3C5438A-55BE-4BB6-8CDA-C3CD23729A13}.Release|Any CPU.Build.0 = Release|Any CPU
	EndGlobalSection
	GlobalSection(SolutionProperties) = preSolution
		HideSolutionNode = FALSE
	EndGlobalSection
	GlobalSection(ExtensibilityGlobals) = postSolution
		SolutionGuid = {D4BB4B8A-F920-4205-A85C-5D6C59727708}
	EndGlobalSection
EndGlobal
